
Microsoft Visual Studio Solution File, Format Version 12.00
# Visual Studio Version 16
VisualStudioVersion = 16.0.29613.14
MinimumVisualStudioVersion = 10.0.40219.1
Project("{9A19103F-16F7-4668-BE54-9A1E7A4F7556}") = "ListApp", "ListApp\ListApp.csproj", "{31C5E7E9-9F30-414B-922A-15A315313C42}"
EndProject
Project("{9A19103F-16F7-4668-BE54-9A1E7A4F7556}") = "ListsAndStrings", "ListsAndStrings\ListsAndStrings.csproj", "{3485C001-960F-459C-896F-C5617EBD42E7}"
EndProject
Project("{FAE04EC0-301F-11D3-BF4B-00C04F79EFBC}") = "Array", "Array\Array.csproj", "{92DF1E57-24A8-4984-A388-921F336BB87F}"
EndProject
Project("{FAE04EC0-301F-11D3-BF4B-00C04F79EFBC}") = "Dictionaries", "Dictionaries\Dictionaries.csproj", "{AEB190DE-2145-4EE1-B43D-C6AE850D78EB}"
EndProject
Global
	GlobalSection(SolutionConfigurationPlatforms) = preSolution
		Debug|Any CPU = Debug|Any CPU
		Release|Any CPU = Release|Any CPU
	EndGlobalSection
	GlobalSection(ProjectConfigurationPlatforms) = postSolution
		{31C5E7E9-9F30-414B-922A-15A315313C42}.Debug|Any CPU.ActiveCfg = Debug|Any CPU
		{31C5E7E9-9F30-414B-922A-15A315313C42}.Debug|Any CPU.Build.0 = Debug|Any CPU
		{31C5E7E9-9F30-414B-922A-15A315313C42}.Release|Any CPU.ActiveCfg = Release|Any CPU
		{31C5E7E9-9F30-414B-922A-15A315313C42}.Release|Any CPU.Build.0 = Release|Any CPU
		{3485C001-960F-459C-896F-C5617EBD42E7}.Debug|Any CPU.ActiveCfg = Debug|Any CPU
		{3485C001-960F-459C-896F-C5617EBD42E7}.Debug|Any CPU.Build.0 = Debug|Any CPU
		{3485C001-960F-459C-896F-C5617EBD42E7}.Release|Any CPU.ActiveCfg = Release|Any CPU
		{3485C001-960F-459C-896F-C5617EBD42E7}.Release|Any CPU.Build.0 = Release|Any CPU
		{92DF1E57-24A8-4984-A388-921F336BB87F}.Debug|Any CPU.ActiveCfg = Debug|Any CPU
		{92DF1E57-24A8-4984-A388-921F336BB87F}.Debug|Any CPU.Build.0 = Debug|Any CPU
		{92DF1E57-24A8-4984-A388-921F336BB87F}.Release|Any CPU.ActiveCfg = Release|Any CPU
		{92DF1E57-24A8-4984-A388-921F336BB87F}.Release|Any CPU.Build.0 = Release|Any CPU
		{AEB190DE-2145-4EE1-B43D-C6AE850D78EB}.Debug|Any CPU.ActiveCfg = Debug|Any CPU
		{AEB190DE-2145-4EE1-B43D-C6AE850D78EB}.Debug|Any CPU.Build.0 = Debug|Any CPU
		{AEB190DE-2145-4EE1-B43D-C6AE850D78EB}.Release|Any CPU.ActiveCfg = Release|Any CPU
		{AEB190DE-2145-4EE1-B43D-C6AE850D78EB}.Release|Any CPU.Build.0 = Release|Any CPU
	EndGlobalSection
	GlobalSection(SolutionProperties) = preSolution
		HideSolutionNode = FALSE
	EndGlobalSection
	GlobalSection(ExtensibilityGlobals) = postSolution
		SolutionGuid = {B02F0910-DAA0-448C-B5D8-C5DEB3AB928F}
	EndGlobalSection
EndGlobal
